
Microsoft Visual Studio Solution File, Format Version 12.00
# Visual Studio Version 17
VisualStudioVersion = 17.0.31903.59
MinimumVisualStudioVersion = 10.0.40219.1
Project("{2150E333-8FDC-42A3-9474-1A3956D46DE8}") = "src", "src", "{827E0CD3-B72D-47B6-A68D-7590B98EB39B}"
EndProject
Project("{FAE04EC0-301F-11D3-BF4B-00C04F79EFBC}") = "eDMS.Api", "src\eDMS.Api\eDMS.Api.csproj", "{C2BAAC8D-E721-43DF-91F2-EC9939222E45}"
EndProject
Project("{FAE04EC0-301F-11D3-BF4B-00C04F79EFBC}") = "eDMS.Application", "src\eDMS.Application\eDMS.Application.csproj", "{75C888A6-1E1C-4EFE-8F15-7B151BDBA9DD}"
EndProject
Project("{FAE04EC0-301F-11D3-BF4B-00C04F79EFBC}") = "eDMS.Domain", "src\eDMS.Domain\eDMS.Domain.csproj", "{13FE29E4-3078-4750-94F7-F8626F7EA7CD}"
EndProject
Project("{FAE04EC0-301F-11D3-BF4B-00C04F79EFBC}") = "eDMS.Infrastructure", "src\eDMS.Infrastructure\eDMS.Infrastructure.csproj", "{3DC8FA8B-9928-4033-959C-B23A6DB3D694}"
EndProject
Project("{2150E333-8FDC-42A3-9474-1A3956D46DE8}") = "tests", "tests", "{0AB3BF05-4346-4AA6-1389-037BE0695223}"
EndProject
Project("{FAE04EC0-301F-11D3-BF4B-00C04F79EFBC}") = "eDMS.Application.UnitTests", "tests\eDMS.Application.UnitTests\eDMS.Application.UnitTests.csproj", "{582A7B3A-BF9C-4064-B308-D814D0E1BC23}"
EndProject
Project("{FAE04EC0-301F-11D3-BF4B-00C04F79EFBC}") = "eDMS.Domain.UnitTests", "tests\eDMS.Domain.UnitTests\eDMS.Domain.UnitTests.csproj", "{6B3B4515-6FBB-4584-95C9-0416A82E85A1}"
EndProject
Project("{FAE04EC0-301F-11D3-BF4B-00C04F79EFBC}") = "eDMS.IntegrationTests", "tests\eDMS.IntegrationTests\eDMS.IntegrationTests.csproj", "{80EB0991-2023-480D-9EC5-758B350851FA}"
EndProject
Global
	GlobalSection(SolutionConfigurationPlatforms) = preSolution
		Debug|Any CPU = Debug|Any CPU
		Debug|x64 = Debug|x64
		Debug|x86 = Debug|x86
		Release|Any CPU = Release|Any CPU
		Release|x64 = Release|x64
		Release|x86 = Release|x86
	EndGlobalSection
	GlobalSection(ProjectConfigurationPlatforms) = postSolution
		{C2BAAC8D-E721-43DF-91F2-EC9939222E45}.Debug|Any CPU.ActiveCfg = Debug|Any CPU
		{C2BAAC8D-E721-43DF-91F2-EC9939222E45}.Debug|Any CPU.Build.0 = Debug|Any CPU
		{C2BAAC8D-E721-43DF-91F2-EC9939222E45}.Debug|x64.ActiveCfg = Debug|Any CPU
		{C2BAAC8D-E721-43DF-91F2-EC9939222E45}.Debug|x64.Build.0 = Debug|Any CPU
		{C2BAAC8D-E721-43DF-91F2-EC9939222E45}.Debug|x86.ActiveCfg = Debug|Any CPU
		{C2BAAC8D-E721-43DF-91F2-EC9939222E45}.Debug|x86.Build.0 = Debug|Any CPU
		{C2BAAC8D-E721-43DF-91F2-EC9939222E45}.Release|Any CPU.ActiveCfg = Release|Any CPU
		{C2BAAC8D-E721-43DF-91F2-EC9939222E45}.Release|Any CPU.Build.0 = Release|Any CPU
		{C2BAAC8D-E721-43DF-91F2-EC9939222E45}.Release|x64.ActiveCfg = Release|Any CPU
		{C2BAAC8D-E721-43DF-91F2-EC9939222E45}.Release|x64.Build.0 = Release|Any CPU
		{C2BAAC8D-E721-43DF-91F2-EC9939222E45}.Release|x86.ActiveCfg = Release|Any CPU
		{C2BAAC8D-E721-43DF-91F2-EC9939222E45}.Release|x86.Build.0 = Release|Any CPU
		{75C888A6-1E1C-4EFE-8F15-7B151BDBA9DD}.Debug|Any CPU.ActiveCfg = Debug|Any CPU
		{75C888A6-1E1C-4EFE-8F15-7B151BDBA9DD}.Debug|Any CPU.Build.0 = Debug|Any CPU
		{75C888A6-1E1C-4EFE-8F15-7B151BDBA9DD}.Debug|x64.ActiveCfg = Debug|Any CPU
		{75C888A6-1E1C-4EFE-8F15-7B151BDBA9DD}.Debug|x64.Build.0 = Debug|Any CPU
		{75C888A6-1E1C-4EFE-8F15-7B151BDBA9DD}.Debug|x86.ActiveCfg = Debug|Any CPU
		{75C888A6-1E1C-4EFE-8F15-7B151BDBA9DD}.Debug|x86.Build.0 = Debug|Any CPU
		{75C888A6-1E1C-4EFE-8F15-7B151BDBA9DD}.Release|Any CPU.ActiveCfg = Release|Any CPU
		{75C888A6-1E1C-4EFE-8F15-7B151BDBA9DD}.Release|Any CPU.Build.0 = Release|Any CPU
		{75C888A6-1E1C-4EFE-8F15-7B151BDBA9DD}.Release|x64.ActiveCfg = Release|Any CPU
		{75C888A6-1E1C-4EFE-8F15-7B151BDBA9DD}.Release|x64.Build.0 = Release|Any CPU
		{75C888A6-1E1C-4EFE-8F15-7B151BDBA9DD}.Release|x86.ActiveCfg = Release|Any CPU
		{75C888A6-1E1C-4EFE-8F15-7B151BDBA9DD}.Release|x86.Build.0 = Release|Any CPU
		{13FE29E4-3078-4750-94F7-F8626F7EA7CD}.Debug|Any CPU.ActiveCfg = Debug|Any CPU
		{13FE29E4-3078-4750-94F7-F8626F7EA7CD}.Debug|Any CPU.Build.0 = Debug|Any CPU
		{13FE29E4-3078-4750-94F7-F8626F7EA7CD}.Debug|x64.ActiveCfg = Debug|Any CPU
		{13FE29E4-3078-4750-94F7-F8626F7EA7CD}.Debug|x64.Build.0 = Debug|Any CPU
		{13FE29E4-3078-4750-94F7-F8626F7EA7CD}.Debug|x86.ActiveCfg = Debug|Any CPU
		{13FE29E4-3078-4750-94F7-F8626F7EA7CD}.Debug|x86.Build.0 = Debug|Any CPU
		{13FE29E4-3078-4750-94F7-F8626F7EA7CD}.Release|Any CPU.ActiveCfg = Release|Any CPU
		{13FE29E4-3078-4750-94F7-F8626F7EA7CD}.Release|Any CPU.Build.0 = Release|Any CPU
		{13FE29E4-3078-4750-94F7-F8626F7EA7CD}.Release|x64.ActiveCfg = Release|Any CPU
		{13FE29E4-3078-4750-94F7-F8626F7EA7CD}.Release|x64.Build.0 = Release|Any CPU
		{13FE29E4-3078-4750-94F7-F8626F7EA7CD}.Release|x86.ActiveCfg = Release|Any CPU
		{13FE29E4-3078-4750-94F7-F8626F7EA7CD}.Release|x86.Build.0 = Release|Any CPU
		{3DC8FA8B-9928-4033-959C-B23A6DB3D694}.Debug|Any CPU.ActiveCfg = Debug|Any CPU
		{3DC8FA8B-9928-4033-959C-B23A6DB3D694}.Debug|Any CPU.Build.0 = Debug|Any CPU
		{3DC8FA8B-9928-4033-959C-B23A6DB3D694}.Debug|x64.ActiveCfg = Debug|Any CPU
		{3DC8FA8B-9928-4033-959C-B23A6DB3D694}.Debug|x64.Build.0 = Debug|Any CPU
		{3DC8FA8B-9928-4033-959C-B23A6DB3D694}.Debug|x86.ActiveCfg = Debug|Any CPU
		{3DC8FA8B-9928-4033-959C-B23A6DB3D694}.Debug|x86.Build.0 = Debug|Any CPU
		{3DC8FA8B-9928-4033-959C-B23A6DB3D694}.Release|Any CPU.ActiveCfg = Release|Any CPU
		{3DC8FA8B-9928-4033-959C-B23A6DB3D694}.Release|Any CPU.Build.0 = Release|Any CPU
		{3DC8FA8B-9928-4033-959C-B23A6DB3D694}.Release|x64.ActiveCfg = Release|Any CPU
		{3DC8FA8B-9928-4033-959C-B23A6DB3D694}.Release|x64.Build.0 = Release|Any CPU
		{3DC8FA8B-9928-4033-959C-B23A6DB3D694}.Release|x86.ActiveCfg = Release|Any CPU
		{3DC8FA8B-9928-4033-959C-B23A6DB3D694}.Release|x86.Build.0 = Release|Any CPU
		{582A7B3A-BF9C-4064-B308-D814D0E1BC23}.Debug|Any CPU.ActiveCfg = Debug|Any CPU
		{582A7B3A-BF9C-4064-B308-D814D0E1BC23}.Debug|Any CPU.Build.0 = Debug|Any CPU
		{582A7B3A-BF9C-4064-B308-D814D0E1BC23}.Debug|x64.ActiveCfg = Debug|Any CPU
		{582A7B3A-BF9C-4064-B308-D814D0E1BC23}.Debug|x64.Build.0 = Debug|Any CPU
		{582A7B3A-BF9C-4064-B308-D814D0E1BC23}.Debug|x86.ActiveCfg = Debug|Any CPU
		{582A7B3A-BF9C-4064-B308-D814D0E1BC23}.Debug|x86.Build.0 = Debug|Any CPU
		{582A7B3A-BF9C-4064-B308-D814D0E1BC23}.Release|Any CPU.ActiveCfg = Release|Any CPU
		{582A7B3A-BF9C-4064-B308-D814D0E1BC23}.Release|Any CPU.Build.0 = Release|Any CPU
		{582A7B3A-BF9C-4064-B308-D814D0E1BC23}.Release|x64.ActiveCfg = Release|Any CPU
		{582A7B3A-BF9C-4064-B308-D814D0E1BC23}.Release|x64.Build.0 = Release|Any CPU
		{582A7B3A-BF9C-4064-B308-D814D0E1BC23}.Release|x86.ActiveCfg = Release|Any CPU
		{582A7B3A-BF9C-4064-B308-D814D0E1BC23}.Release|x86.Build.0 = Release|Any CPU
		{6B3B4515-6FBB-4584-95C9-0416A82E85A1}.Debug|Any CPU.ActiveCfg = Debug|Any CPU
		{6B3B4515-6FBB-4584-95C9-0416A82E85A1}.Debug|Any CPU.Build.0 = Debug|Any CPU
		{6B3B4515-6FBB-4584-95C9-0416A82E85A1}.Debug|x64.ActiveCfg = Debug|Any CPU
		{6B3B4515-6FBB-4584-95C9-0416A82E85A1}.Debug|x64.Build.0 = Debug|Any CPU
		{6B3B4515-6FBB-4584-95C9-0416A82E85A1}.Debug|x86.ActiveCfg = Debug|Any CPU
		{6B3B4515-6FBB-4584-95C9-0416A82E85A1}.Debug|x86.Build.0 = Debug|Any CPU
		{6B3B4515-6FBB-4584-95C9-0416A82E85A1}.Release|Any CPU.ActiveCfg = Release|Any CPU
		{6B3B4515-6FBB-4584-95C9-0416A82E85A1}.Release|Any CPU.Build.0 = Release|Any CPU
		{6B3B4515-6FBB-4584-95C9-0416A82E85A1}.Release|x64.ActiveCfg = Release|Any CPU
		{6B3B4515-6FBB-4584-95C9-0416A82E85A1}.Release|x64.Build.0 = Release|Any CPU
		{6B3B4515-6FBB-4584-95C9-0416A82E85A1}.Release|x86.ActiveCfg = Release|Any CPU
		{6B3B4515-6FBB-4584-95C9-0416A82E85A1}.Release|x86.Build.0 = Release|Any CPU
		{80EB0991-2023-480D-9EC5-758B350851FA}.Debug|Any CPU.ActiveCfg = Debug|Any CPU
		{80EB0991-2023-480D-9EC5-758B350851FA}.Debug|Any CPU.Build.0 = Debug|Any CPU
		{80EB0991-2023-480D-9EC5-758B350851FA}.Debug|x64.ActiveCfg = Debug|Any CPU
		{80EB0991-2023-480D-9EC5-758B350851FA}.Debug|x64.Build.0 = Debug|Any CPU
		{80EB0991-2023-480D-9EC5-758B350851FA}.Debug|x86.ActiveCfg = Debug|Any CPU
		{80EB0991-2023-480D-9EC5-758B350851FA}.Debug|x86.Build.0 = Debug|Any CPU
		{80EB0991-2023-480D-9EC5-758B350851FA}.Release|Any CPU.ActiveCfg = Release|Any CPU
		{80EB0991-2023-480D-9EC5-758B350851FA}.Release|Any CPU.Build.0 = Release|Any CPU
		{80EB0991-2023-480D-9EC5-758B350851FA}.Release|x64.ActiveCfg = Release|Any CPU
		{80EB0991-2023-480D-9EC5-758B350851FA}.Release|x64.Build.0 = Release|Any CPU
		{80EB0991-2023-480D-9EC5-758B350851FA}.Release|x86.ActiveCfg = Release|Any CPU
		{80EB0991-2023-480D-9EC5-758B350851FA}.Release|x86.Build.0 = Release|Any CPU
	EndGlobalSection
	GlobalSection(SolutionProperties) = preSolution
		HideSolutionNode = FALSE
	EndGlobalSection
	GlobalSection(NestedProjects) = preSolution
		{C2BAAC8D-E721-43DF-91F2-EC9939222E45} = {827E0CD3-B72D-47B6-A68D-7590B98EB39B}
		{75C888A6-1E1C-4EFE-8F15-7B151BDBA9DD} = {827E0CD3-B72D-47B6-A68D-7590B98EB39B}
		{13FE29E4-3078-4750-94F7-F8626F7EA7CD} = {827E0CD3-B72D-47B6-A68D-7590B98EB39B}
		{3DC8FA8B-9928-4033-959C-B23A6DB3D694} = {827E0CD3-B72D-47B6-A68D-7590B98EB39B}
		{582A7B3A-BF9C-4064-B308-D814D0E1BC23} = {0AB3BF05-4346-4AA6-1389-037BE0695223}
		{6B3B4515-6FBB-4584-95C9-0416A82E85A1} = {0AB3BF05-4346-4AA6-1389-037BE0695223}
		{80EB0991-2023-480D-9EC5-758B350851FA} = {0AB3BF05-4346-4AA6-1389-037BE0695223}
	EndGlobalSection
EndGlobal
